
Microsoft Visual Studio Solution File, Format Version 12.00
# Visual Studio 15
VisualStudioVersion = 15.0.27703.2035
MinimumVisualStudioVersion = 10.0.40219.1
Project("{FAE04EC0-301F-11D3-BF4B-00C04F79EFBC}") = "MyTaskit-Frame-Work", "MyTaskit-Frame-Work\MyTaskit-Frame-Work.csproj", "{27F720A8-DC89-497D-8395-7D8C3F99BB7E}"
EndProject
Global
	GlobalSection(SolutionConfigurationPlatforms) = preSolution
		Debug|Any CPU = Debug|Any CPU
		Release|Any CPU = Release|Any CPU
	EndGlobalSection
	GlobalSection(ProjectConfigurationPlatforms) = postSolution
		{27F720A8-DC89-497D-8395-7D8C3F99BB7E}.Debug|Any CPU.ActiveCfg = Debug|Any CPU
		{27F720A8-DC89-497D-8395-7D8C3F99BB7E}.Debug|Any CPU.Build.0 = Debug|Any CPU
		{27F720A8-DC89-497D-8395-7D8C3F99BB7E}.Release|Any CPU.ActiveCfg = Release|Any CPU
		{27F720A8-DC89-497D-8395-7D8C3F99BB7E}.Release|Any CPU.Build.0 = Release|Any CPU
	EndGlobalSection
	GlobalSection(SolutionProperties) = preSolution
		HideSolutionNode = FALSE
	EndGlobalSection
	GlobalSection(ExtensibilityGlobals) = postSolution
		SolutionGuid = {15D22B10-39CC-4949-A71D-4D45BFBC16D1}
	EndGlobalSection
EndGlobal
